
Microsoft Visual Studio Solution File, Format Version 12.00
# Visual Studio Version 17
VisualStudioVersion = 17.11.35312.102
MinimumVisualStudioVersion = 10.0.40219.1
Project("{FAE04EC0-301F-11D3-BF4B-00C04F79EFBC}") = "FrontEnd", "FrontEnd\FrontEnd.csproj", "{BDC7D393-7F15-486C-9517-CC1ED42BDD87}"
EndProject
Global
	GlobalSection(SolutionConfigurationPlatforms) = preSolution
		Debug|Any CPU = Debug|Any CPU
		Release|Any CPU = Release|Any CPU
	EndGlobalSection
	GlobalSection(ProjectConfigurationPlatforms) = postSolution
		{BDC7D393-7F15-486C-9517-CC1ED42BDD87}.Debug|Any CPU.ActiveCfg = Debug|Any CPU
		{BDC7D393-7F15-486C-9517-CC1ED42BDD87}.Debug|Any CPU.Build.0 = Debug|Any CPU
		{BDC7D393-7F15-486C-9517-CC1ED42BDD87}.Release|Any CPU.ActiveCfg = Release|Any CPU
		{BDC7D393-7F15-486C-9517-CC1ED42BDD87}.Release|Any CPU.Build.0 = Release|Any CPU
	EndGlobalSection
	GlobalSection(SolutionProperties) = preSolution
		HideSolutionNode = FALSE
	EndGlobalSection
	GlobalSection(ExtensibilityGlobals) = postSolution
		SolutionGuid = {B609D999-4F4A-4058-A1DA-AA3581F82295}
	EndGlobalSection
EndGlobal
